{
  "requires": true,
  "lockfileVersion": 1,
  "dependencies": {
    "color-scheme": {
      "version": "1.0.1",
      "resolved": "https://registry.npmjs.org/color-scheme/-/color-scheme-1.0.1.tgz",
      "integrity": "sha512-4x+ya6+z6g9DaTFSfVzTZc8TSjxHuDT40NB43N3XPUkQlF6uujhwH8aeMeq8HBgoQQog/vrYgJ16mt/eVTRXwQ=="
    }
  }
}
